
Microsoft Visual Studio Solution File, Format Version 12.00
# Visual Studio 15
VisualStudioVersion = 15.0.27703.2047
MinimumVisualStudioVersion = 10.0.40219.1
Project("{FAE04EC0-301F-11D3-BF4B-00C04F79EFBC}") = "MatrixProjection", "MatrixProjection\MatrixProjection.csproj", "{9DD7BB69-3024-4909-9255-A36870CEA20F}"
EndProject
Global
	GlobalSection(SolutionConfigurationPlatforms) = preSolution
		Debug|x86 = Debug|x86
		Release|x86 = Release|x86
	EndGlobalSection
	GlobalSection(ProjectConfigurationPlatforms) = postSolution
		{9DD7BB69-3024-4909-9255-A36870CEA20F}.Debug|x86.ActiveCfg = Debug|x86
		{9DD7BB69-3024-4909-9255-A36870CEA20F}.Debug|x86.Build.0 = Debug|x86
		{9DD7BB69-3024-4909-9255-A36870CEA20F}.Release|x86.ActiveCfg = Release|x86
		{9DD7BB69-3024-4909-9255-A36870CEA20F}.Release|x86.Build.0 = Release|x86
	EndGlobalSection
	GlobalSection(SolutionProperties) = preSolution
		HideSolutionNode = FALSE
	EndGlobalSection
	GlobalSection(ExtensibilityGlobals) = postSolution
		SolutionGuid = {6091557E-DDA6-40E6-A44A-BF5516421BCA}
	EndGlobalSection
EndGlobal
